Microsoft Visual Studio Solution File, Format Version 12.00
# Visual Studio Version 17
VisualStudioVersion = 17.5.2.0
MinimumVisualStudioVersion = 10.0.40219.1
Project("{FAE04EC0-301F-11D3-BF4B-00C04F79EFBC}") = "Bankount", "Bankount.csproj", "{4DEC526B-438E-F3F7-5A3A-4E9CAEE8D62D}"
EndProject
Global
	GlobalSection(SolutionConfigurationPlatforms) = preSolution
		Debug|Any CPU = Debug|Any CPU
		Release|Any CPU = Release|Any CPU
	EndGlobalSection
	GlobalSection(ProjectConfigurationPlatforms) = postSolution
		{4DEC526B-438E-F3F7-5A3A-4E9CAEE8D62D}.Debug|Any CPU.ActiveCfg = Debug|Any CPU
		{4DEC526B-438E-F3F7-5A3A-4E9CAEE8D62D}.Debug|Any CPU.Build.0 = Debug|Any CPU
		{4DEC526B-438E-F3F7-5A3A-4E9CAEE8D62D}.Release|Any CPU.ActiveCfg = Release|Any CPU
		{4DEC526B-438E-F3F7-5A3A-4E9CAEE8D62D}.Release|Any CPU.Build.0 = Release|Any CPU
	EndGlobalSection
	GlobalSection(SolutionProperties) = preSolution
		HideSolutionNode = FALSE
	EndGlobalSection
	GlobalSection(ExtensibilityGlobals) = postSolution
		SolutionGuid = {841AFA16-CEF5-4D5A-8505-0EEE4B0D149B}
	EndGlobalSection
EndGlobal
